
Microsoft Visual Studio Solution File, Format Version 12.00
# Visual Studio 2013
VisualStudioVersion = 12.0.31101.0
MinimumVisualStudioVersion = 10.0.40219.1
Project("{FAE04EC0-301F-11D3-BF4B-00C04F79EFBC}") = "WebBellwether.API", "WebBellwether.API\WebBellwether.API.csproj", "{B4DFABED-C28A-4A23-AA8E-5565692C9D14}"
EndProject
Project("{FAE04EC0-301F-11D3-BF4B-00C04F79EFBC}") = "WebBellwether.Web", "WebBellwether.Web\WebBellwether.Web.csproj", "{4E2DA8E8-D0E9-40AF-956C-6A57E4970529}"
EndProject
Global
	GlobalSection(SolutionConfigurationPlatforms) = preSolution
		Debug|Any CPU = Debug|Any CPU
		Release|Any CPU = Release|Any CPU
	EndGlobalSection
	GlobalSection(ProjectConfigurationPlatforms) = postSolution
		{B4DFABED-C28A-4A23-AA8E-5565692C9D14}.Debug|Any CPU.ActiveCfg = Debug|Any CPU
		{B4DFABED-C28A-4A23-AA8E-5565692C9D14}.Debug|Any CPU.Build.0 = Debug|Any CPU
		{B4DFABED-C28A-4A23-AA8E-5565692C9D14}.Release|Any CPU.ActiveCfg = Release|Any CPU
		{B4DFABED-C28A-4A23-AA8E-5565692C9D14}.Release|Any CPU.Build.0 = Release|Any CPU
		{4E2DA8E8-D0E9-40AF-956C-6A57E4970529}.Debug|Any CPU.ActiveCfg = Debug|Any CPU
		{4E2DA8E8-D0E9-40AF-956C-6A57E4970529}.Debug|Any CPU.Build.0 = Debug|Any CPU
		{4E2DA8E8-D0E9-40AF-956C-6A57E4970529}.Release|Any CPU.ActiveCfg = Release|Any CPU
		{4E2DA8E8-D0E9-40AF-956C-6A57E4970529}.Release|Any CPU.Build.0 = Release|Any CPU
	EndGlobalSection
	GlobalSection(SolutionProperties) = preSolution
		HideSolutionNode = FALSE
	EndGlobalSection
EndGlobal
