
Microsoft Visual Studio Solution File, Format Version 12.00
# Visual Studio 14
VisualStudioVersion = 14.0.24720.0
MinimumVisualStudioVersion = 10.0.40219.1
Project("{FAE04EC0-301F-11D3-BF4B-00C04F79EFBC}") = "WebBellwether.API", "WebBellwether.API\WebBellwether.API.csproj", "{B4DFABED-C28A-4A23-AA8E-5565692C9D14}"
EndProject
Project("{FAE04EC0-301F-11D3-BF4B-00C04F79EFBC}") = "WebBellwether.Web", "WebBellwether.Web\WebBellwether.Web.csproj", "{4E2DA8E8-D0E9-40AF-956C-6A57E4970529}"
EndProject
Project("{2150E333-8FDC-42A3-9474-1A3956D46DE8}") = "Important Notes", "Important Notes", "{B2F4E879-EF48-4A53-A0E1-12764DC44EE0}"
	ProjectSection(SolutionItems) = preProject
		Errors.txt = Errors.txt
		What i must change.txt = What i must change.txt
	EndProjectSection
EndProject
Project("{FAE04EC0-301F-11D3-BF4B-00C04F79EFBC}") = "WebBellwether.Repositories", "WebBellwether.Repositories\WebBellwether.Repositories.csproj", "{384BE81A-1DCB-433F-AE77-9051502E2766}"
EndProject
Project("{FAE04EC0-301F-11D3-BF4B-00C04F79EFBC}") = "WebBellwether.Services", "WebBellwether.Services\WebBellwether.Services.csproj", "{F11C0724-1C02-435F-AD5D-CCF7DE91FC9C}"
EndProject
Project("{FAE04EC0-301F-11D3-BF4B-00C04F79EFBC}") = "WebBellwether.Models", "WebBellwether.Models\WebBellwether.Models.csproj", "{B43E2011-2103-4376-9518-B7B7196F41E8}"
EndProject
Global
	GlobalSection(SolutionConfigurationPlatforms) = preSolution
		Debug|Any CPU = Debug|Any CPU
		Release|Any CPU = Release|Any CPU
	EndGlobalSection
	GlobalSection(ProjectConfigurationPlatforms) = postSolution
		{B4DFABED-C28A-4A23-AA8E-5565692C9D14}.Debug|Any CPU.ActiveCfg = Debug|Any CPU
		{B4DFABED-C28A-4A23-AA8E-5565692C9D14}.Debug|Any CPU.Build.0 = Debug|Any CPU
		{B4DFABED-C28A-4A23-AA8E-5565692C9D14}.Release|Any CPU.ActiveCfg = Release|Any CPU
		{B4DFABED-C28A-4A23-AA8E-5565692C9D14}.Release|Any CPU.Build.0 = Release|Any CPU
		{4E2DA8E8-D0E9-40AF-956C-6A57E4970529}.Debug|Any CPU.ActiveCfg = Debug|Any CPU
		{4E2DA8E8-D0E9-40AF-956C-6A57E4970529}.Debug|Any CPU.Build.0 = Debug|Any CPU
		{4E2DA8E8-D0E9-40AF-956C-6A57E4970529}.Release|Any CPU.ActiveCfg = Release|Any CPU
		{4E2DA8E8-D0E9-40AF-956C-6A57E4970529}.Release|Any CPU.Build.0 = Release|Any CPU
		{384BE81A-1DCB-433F-AE77-9051502E2766}.Debug|Any CPU.ActiveCfg = Debug|Any CPU
		{384BE81A-1DCB-433F-AE77-9051502E2766}.Debug|Any CPU.Build.0 = Debug|Any CPU
		{384BE81A-1DCB-433F-AE77-9051502E2766}.Release|Any CPU.ActiveCfg = Release|Any CPU
		{384BE81A-1DCB-433F-AE77-9051502E2766}.Release|Any CPU.Build.0 = Release|Any CPU
		{F11C0724-1C02-435F-AD5D-CCF7DE91FC9C}.Debug|Any CPU.ActiveCfg = Debug|Any CPU
		{F11C0724-1C02-435F-AD5D-CCF7DE91FC9C}.Debug|Any CPU.Build.0 = Debug|Any CPU
		{F11C0724-1C02-435F-AD5D-CCF7DE91FC9C}.Release|Any CPU.ActiveCfg = Release|Any CPU
		{F11C0724-1C02-435F-AD5D-CCF7DE91FC9C}.Release|Any CPU.Build.0 = Release|Any CPU
		{B43E2011-2103-4376-9518-B7B7196F41E8}.Debug|Any CPU.ActiveCfg = Debug|Any CPU
		{B43E2011-2103-4376-9518-B7B7196F41E8}.Debug|Any CPU.Build.0 = Debug|Any CPU
		{B43E2011-2103-4376-9518-B7B7196F41E8}.Release|Any CPU.ActiveCfg = Release|Any CPU
		{B43E2011-2103-4376-9518-B7B7196F41E8}.Release|Any CPU.Build.0 = Release|Any CPU
	EndGlobalSection
	GlobalSection(SolutionProperties) = preSolution
		HideSolutionNode = FALSE
	EndGlobalSection
EndGlobal
